
Microsoft Visual Studio Solution File, Format Version 12.00
# Visual Studio 15
Project("{FAE04EC0-301F-11D3-BF4B-00C04F79EFBC}") = "Assembly-CSharp", "Assembly-CSharp.csproj", "{5C8420CA-B7B2-0803-4A1A-2DAE4B909C0A}"
EndProject
Project("{FAE04EC0-301F-11D3-BF4B-00C04F79EFBC}") = "Assembly-CSharp-Editor", "Assembly-CSharp-Editor.csproj", "{2BF5F467-891B-3465-E381-D62303DF9EA6}"
EndProject
Global
	GlobalSection(SolutionConfigurationPlatforms) = preSolution
		Debug|Any CPU = Debug|Any CPU
		Release|Any CPU = Release|Any CPU
	EndGlobalSection
	GlobalSection(ProjectConfigurationPlatforms) = postSolution
		{5C8420CA-B7B2-0803-4A1A-2DAE4B909C0A}.Debug|Any CPU.ActiveCfg = Debug|Any CPU
		{5C8420CA-B7B2-0803-4A1A-2DAE4B909C0A}.Debug|Any CPU.Build.0 = Debug|Any CPU
		{5C8420CA-B7B2-0803-4A1A-2DAE4B909C0A}.Release|Any CPU.ActiveCfg = Release|Any CPU
		{5C8420CA-B7B2-0803-4A1A-2DAE4B909C0A}.Release|Any CPU.Build.0 = Release|Any CPU
		{2BF5F467-891B-3465-E381-D62303DF9EA6}.Debug|Any CPU.ActiveCfg = Debug|Any CPU
		{2BF5F467-891B-3465-E381-D62303DF9EA6}.Debug|Any CPU.Build.0 = Debug|Any CPU
		{2BF5F467-891B-3465-E381-D62303DF9EA6}.Release|Any CPU.ActiveCfg = Release|Any CPU
		{2BF5F467-891B-3465-E381-D62303DF9EA6}.Release|Any CPU.Build.0 = Release|Any CPU
	EndGlobalSection
	GlobalSection(SolutionProperties) = preSolution
		HideSolutionNode = FALSE
	EndGlobalSection
EndGlobal
